PODS:
  - Kingfisher (7.9.1)
  - SDWebImage (5.13.4):
    - SDWebImage/Core (= 5.13.4)
  - SDWebImage/Core (5.13.4)

DEPENDENCIES:
  - Kingfisher (~> 7.0)
  - SDWebImage (~> 5.0)

SPEC REPOS:
  trunk:
    - Kingfisher
    - SDWebImage

SPEC CHECKSUMS:
  Kingfisher: 1d14e9f59cbe19389f591c929000332bf70efd32
  SDWebImage: e5cc87bf736e60f49592f307bdf9e157189298a3

PODFILE CHECKSUM: 9e3b7aafd5c3097a4b032a21501351fd95ffcf7e

COCOAPODS: 1.11.3
